{
  "name": "spotev",
  "version": "1.0.0",
  "lockfileVersion": 1,
  "requires": true,
  "dependencies": {
    "mobile-detect": {
      "version": "1.4.1",
      "resolved": "https://registry.npmjs.org/mobile-detect/-/mobile-detect-1.4.1.tgz",
      "integrity": "sha512-wYtier+BCRtNDGxOEoPXcjarafY7Z5I0dgx+M6/Sa8h1J8VIsgZ40IOiD/F6bMUZZ8hMW1bIMZUnkNDnJyeTQA=="
    }
  }
}
